
Microsoft Visual Studio Solution File, Format Version 12.00
# Visual Studio Version 16
VisualStudioVersion = 16.0.30907.101
MinimumVisualStudioVersion = 10.0.40219.1
Project("{FAE04EC0-301F-11D3-BF4B-00C04F79EFBC}") = "ClassMetotDemo", "ClassMetotDemo\ClassMetotDemo.csproj", "{5F778BCE-4C96-45EC-9882-6990371D2CF0}"
EndProject
Global
	GlobalSection(SolutionConfigurationPlatforms) = preSolution
		Debug|Any CPU = Debug|Any CPU
		Release|Any CPU = Release|Any CPU
	EndGlobalSection
	GlobalSection(ProjectConfigurationPlatforms) = postSolution
		{5F778BCE-4C96-45EC-9882-6990371D2CF0}.Debug|Any CPU.ActiveCfg = Debug|Any CPU
		{5F778BCE-4C96-45EC-9882-6990371D2CF0}.Debug|Any CPU.Build.0 = Debug|Any CPU
		{5F778BCE-4C96-45EC-9882-6990371D2CF0}.Release|Any CPU.ActiveCfg = Release|Any CPU
		{5F778BCE-4C96-45EC-9882-6990371D2CF0}.Release|Any CPU.Build.0 = Release|Any CPU
	EndGlobalSection
	GlobalSection(SolutionProperties) = preSolution
		HideSolutionNode = FALSE
	EndGlobalSection
	GlobalSection(ExtensibilityGlobals) = postSolution
		SolutionGuid = {666F8262-E6B7-4DBA-8A02-C0D53071A156}
	EndGlobalSection
EndGlobal
